
Microsoft Visual Studio Solution File, Format Version 12.00
# Visual Studio Version 17
VisualStudioVersion = 17.9.34616.47
MinimumVisualStudioVersion = 10.0.40219.1
Project("{2150E333-8FDC-42A3-9474-1A3956D46DE8}") = "src", "src", "{204DDBB0-684C-447E-816B-060DD1A43098}"
EndProject
Project("{2150E333-8FDC-42A3-9474-1A3956D46DE8}") = "tests", "tests", "{C272DE3D-259C-4019-912A-292AD0AA0BBF}"
EndProject
Project("{9A19103F-16F7-4668-BE54-9A1E7A4F7556}") = "Bookify.Domain", "Bookify.Domain\Bookify.Domain.csproj", "{6F31F6F2-57FC-4315-B6B9-2C1C5F541567}"
EndProject
Project("{9A19103F-16F7-4668-BE54-9A1E7A4F7556}") = "Bookify.Application", "Bookify.Application\Bookify.Application.csproj", "{61A426C0-BE2C-470F-A490-BFFC35FCCBDE}"
EndProject
Project("{9A19103F-16F7-4668-BE54-9A1E7A4F7556}") = "Bookify.Infrastructure", "Bookify.Infrastructure\Bookify.Infrastructure.csproj", "{0F0DE983-C248-4B93-886C-05F20181D6F5}"
EndProject
Project("{9A19103F-16F7-4668-BE54-9A1E7A4F7556}") = "Bookify.Api", "Bookify.Api\Bookify.Api.csproj", "{B10D26E8-8666-4475-9B3E-B7DAD57F5FB1}"
EndProject
Project("{E53339B2-1760-4266-BCC7-CA923CBCF16C}") = "docker-compose", "docker-compose.dcproj", "{859153CA-AC91-4471-88E1-29A96E428894}"
EndProject
Project("{FAE04EC0-301F-11D3-BF4B-00C04F79EFBC}") = "Bookify.Domain.UnitTests", "Bookify.Domain.UnitTests\Bookify.Domain.UnitTests.csproj", "{DC8307C4-E554-4CE0-80C3-442E50F2FDD6}"
EndProject
Project("{FAE04EC0-301F-11D3-BF4B-00C04F79EFBC}") = "Bookify.Application.UnitTests", "Bookify.Application.UnitTests\Bookify.Application.UnitTests.csproj", "{099F6444-7BE6-4337-A520-6019E0964A7D}"
EndProject
Project("{FAE04EC0-301F-11D3-BF4B-00C04F79EFBC}") = "Bookify.Application.IntegrationTests", "Bookify.Application.IntegrationTests\Bookify.Application.IntegrationTests.csproj", "{968C981A-4E9B-4153-A18C-B3CEA3DA79FC}"
EndProject
Project("{FAE04EC0-301F-11D3-BF4B-00C04F79EFBC}") = "Bookify.Api.FunctionalTests", "Bookify.Api.FunctionalTests\Bookify.Api.FunctionalTests.csproj", "{E859BF74-F749-4387-A4E1-66E569C0449D}"
EndProject
Project("{FAE04EC0-301F-11D3-BF4B-00C04F79EFBC}") = "Bookify.ArchitectureTests", "Bookify.ArchitectureTests\Bookify.ArchitectureTests.csproj", "{A2E9F908-056A-400D-8A09-9D0B0217C3C1}"
EndProject
Global
	GlobalSection(SolutionConfigurationPlatforms) = preSolution
		Debug|Any CPU = Debug|Any CPU
		Release|Any CPU = Release|Any CPU
	EndGlobalSection
	GlobalSection(ProjectConfigurationPlatforms) = postSolution
		{6F31F6F2-57FC-4315-B6B9-2C1C5F541567}.Debug|Any CPU.ActiveCfg = Debug|Any CPU
		{6F31F6F2-57FC-4315-B6B9-2C1C5F541567}.Debug|Any CPU.Build.0 = Debug|Any CPU
		{6F31F6F2-57FC-4315-B6B9-2C1C5F541567}.Release|Any CPU.ActiveCfg = Release|Any CPU
		{6F31F6F2-57FC-4315-B6B9-2C1C5F541567}.Release|Any CPU.Build.0 = Release|Any CPU
		{61A426C0-BE2C-470F-A490-BFFC35FCCBDE}.Debug|Any CPU.ActiveCfg = Debug|Any CPU
		{61A426C0-BE2C-470F-A490-BFFC35FCCBDE}.Debug|Any CPU.Build.0 = Debug|Any CPU
		{61A426C0-BE2C-470F-A490-BFFC35FCCBDE}.Release|Any CPU.ActiveCfg = Release|Any CPU
		{61A426C0-BE2C-470F-A490-BFFC35FCCBDE}.Release|Any CPU.Build.0 = Release|Any CPU
		{0F0DE983-C248-4B93-886C-05F20181D6F5}.Debug|Any CPU.ActiveCfg = Debug|Any CPU
		{0F0DE983-C248-4B93-886C-05F20181D6F5}.Debug|Any CPU.Build.0 = Debug|Any CPU
		{0F0DE983-C248-4B93-886C-05F20181D6F5}.Release|Any CPU.ActiveCfg = Release|Any CPU
		{0F0DE983-C248-4B93-886C-05F20181D6F5}.Release|Any CPU.Build.0 = Release|Any CPU
		{B10D26E8-8666-4475-9B3E-B7DAD57F5FB1}.Debug|Any CPU.ActiveCfg = Debug|Any CPU
		{B10D26E8-8666-4475-9B3E-B7DAD57F5FB1}.Debug|Any CPU.Build.0 = Debug|Any CPU
		{B10D26E8-8666-4475-9B3E-B7DAD57F5FB1}.Release|Any CPU.ActiveCfg = Release|Any CPU
		{B10D26E8-8666-4475-9B3E-B7DAD57F5FB1}.Release|Any CPU.Build.0 = Release|Any CPU
		{859153CA-AC91-4471-88E1-29A96E428894}.Debug|Any CPU.ActiveCfg = Debug|Any CPU
		{859153CA-AC91-4471-88E1-29A96E428894}.Debug|Any CPU.Build.0 = Debug|Any CPU
		{859153CA-AC91-4471-88E1-29A96E428894}.Release|Any CPU.ActiveCfg = Release|Any CPU
		{859153CA-AC91-4471-88E1-29A96E428894}.Release|Any CPU.Build.0 = Release|Any CPU
		{DC8307C4-E554-4CE0-80C3-442E50F2FDD6}.Debug|Any CPU.ActiveCfg = Debug|Any CPU
		{DC8307C4-E554-4CE0-80C3-442E50F2FDD6}.Debug|Any CPU.Build.0 = Debug|Any CPU
		{DC8307C4-E554-4CE0-80C3-442E50F2FDD6}.Release|Any CPU.ActiveCfg = Release|Any CPU
		{DC8307C4-E554-4CE0-80C3-442E50F2FDD6}.Release|Any CPU.Build.0 = Release|Any CPU
		{099F6444-7BE6-4337-A520-6019E0964A7D}.Debug|Any CPU.ActiveCfg = Debug|Any CPU
		{099F6444-7BE6-4337-A520-6019E0964A7D}.Debug|Any CPU.Build.0 = Debug|Any CPU
		{099F6444-7BE6-4337-A520-6019E0964A7D}.Release|Any CPU.ActiveCfg = Release|Any CPU
		{099F6444-7BE6-4337-A520-6019E0964A7D}.Release|Any CPU.Build.0 = Release|Any CPU
		{968C981A-4E9B-4153-A18C-B3CEA3DA79FC}.Debug|Any CPU.ActiveCfg = Debug|Any CPU
		{968C981A-4E9B-4153-A18C-B3CEA3DA79FC}.Debug|Any CPU.Build.0 = Debug|Any CPU
		{968C981A-4E9B-4153-A18C-B3CEA3DA79FC}.Release|Any CPU.ActiveCfg = Release|Any CPU
		{968C981A-4E9B-4153-A18C-B3CEA3DA79FC}.Release|Any CPU.Build.0 = Release|Any CPU
		{E859BF74-F749-4387-A4E1-66E569C0449D}.Debug|Any CPU.ActiveCfg = Debug|Any CPU
		{E859BF74-F749-4387-A4E1-66E569C0449D}.Debug|Any CPU.Build.0 = Debug|Any CPU
		{E859BF74-F749-4387-A4E1-66E569C0449D}.Release|Any CPU.ActiveCfg = Release|Any CPU
		{E859BF74-F749-4387-A4E1-66E569C0449D}.Release|Any CPU.Build.0 = Release|Any CPU
		{A2E9F908-056A-400D-8A09-9D0B0217C3C1}.Debug|Any CPU.ActiveCfg = Debug|Any CPU
		{A2E9F908-056A-400D-8A09-9D0B0217C3C1}.Debug|Any CPU.Build.0 = Debug|Any CPU
		{A2E9F908-056A-400D-8A09-9D0B0217C3C1}.Release|Any CPU.ActiveCfg = Release|Any CPU
		{A2E9F908-056A-400D-8A09-9D0B0217C3C1}.Release|Any CPU.Build.0 = Release|Any CPU
	EndGlobalSection
	GlobalSection(SolutionProperties) = preSolution
		HideSolutionNode = FALSE
	EndGlobalSection
	GlobalSection(NestedProjects) = preSolution
		{6F31F6F2-57FC-4315-B6B9-2C1C5F541567} = {204DDBB0-684C-447E-816B-060DD1A43098}
		{61A426C0-BE2C-470F-A490-BFFC35FCCBDE} = {204DDBB0-684C-447E-816B-060DD1A43098}
		{0F0DE983-C248-4B93-886C-05F20181D6F5} = {204DDBB0-684C-447E-816B-060DD1A43098}
		{B10D26E8-8666-4475-9B3E-B7DAD57F5FB1} = {204DDBB0-684C-447E-816B-060DD1A43098}
		{DC8307C4-E554-4CE0-80C3-442E50F2FDD6} = {C272DE3D-259C-4019-912A-292AD0AA0BBF}
		{099F6444-7BE6-4337-A520-6019E0964A7D} = {C272DE3D-259C-4019-912A-292AD0AA0BBF}
		{968C981A-4E9B-4153-A18C-B3CEA3DA79FC} = {C272DE3D-259C-4019-912A-292AD0AA0BBF}
		{E859BF74-F749-4387-A4E1-66E569C0449D} = {C272DE3D-259C-4019-912A-292AD0AA0BBF}
		{A2E9F908-056A-400D-8A09-9D0B0217C3C1} = {C272DE3D-259C-4019-912A-292AD0AA0BBF}
	EndGlobalSection
EndGlobal
